// !$*UTF8*$!
{
	archiveVersion = 1;
	classes = {
	};
	objectVersion = 56;
	objects = {

/* Begin PBXBuildFile section */
		3A0B7C1C2BAB31A1005E0B53 /* CreateRecipeContentView.swift in Sources */ = {isa = PBXBuildFile; fileRef = 3A0B7C1B2BAB31A1005E0B53 /* CreateRecipeContentView.swift */; };
		3A0B7C1E2BAB31B9005E0B53 /* CreateRecipeViewController.swift in Sources */ = {isa = PBXBuildFile; fileRef = 3A0B7C1D2BAB31B9005E0B53 /* CreateRecipeViewController.swift */; };
		3A0B7C202BAB31C4005E0B53 /* CreateRecipeViewModel.swift in Sources */ = {isa = PBXBuildFile; fileRef = 3A0B7C1F2BAB31C4005E0B53 /* CreateRecipeViewModel.swift */; };
		3A49653D2BA073A40031777B /* Color.swift in Sources */ = {isa = PBXBuildFile; fileRef = 3A49653C2BA073A40031777B /* Color.swift */; };
		3A4965522BA0769B0031777B /* Poppins-Light.ttf in Resources */ = {isa = PBXBuildFile; fileRef = 3A4965402BA0769A0031777B /* Poppins-Light.ttf */; };
		3A4965532BA0769B0031777B /* Poppins-ExtraBoldItalic.ttf in Resources */ = {isa = PBXBuildFile; fileRef = 3A4965412BA0769A0031777B /* Poppins-ExtraBoldItalic.ttf */; };
		3A4965542BA0769B0031777B /* Poppins-Medium.ttf in Resources */ = {isa = PBXBuildFile; fileRef = 3A4965422BA0769A0031777B /* Poppins-Medium.ttf */; };
		3A4965552BA0769B0031777B /* Poppins-MediumItalic.ttf in Resources */ = {isa = PBXBuildFile; fileRef = 3A4965432BA0769A0031777B /* Poppins-MediumItalic.ttf */; };
		3A4965562BA0769B0031777B /* Poppins-BlackItalic.ttf in Resources */ = {isa = PBXBuildFile; fileRef = 3A4965442BA0769A0031777B /* Poppins-BlackItalic.ttf */; };
		3A4965572BA0769B0031777B /* Poppins-SemiBoldItalic.ttf in Resources */ = {isa = PBXBuildFile; fileRef = 3A4965452BA0769B0031777B /* Poppins-SemiBoldItalic.ttf */; };
		3A4965582BA0769B0031777B /* Poppins-Thin.ttf in Resources */ = {isa = PBXBuildFile; fileRef = 3A4965462BA0769B0031777B /* Poppins-Thin.ttf */; };
		3A4965592BA0769B0031777B /* Poppins-BoldItalic.ttf in Resources */ = {isa = PBXBuildFile; fileRef = 3A4965472BA0769B0031777B /* Poppins-BoldItalic.ttf */; };
		3A49655A2BA0769B0031777B /* Poppins-ExtraLightItalic.ttf in Resources */ = {isa = PBXBuildFile; fileRef = 3A4965482BA0769B0031777B /* Poppins-ExtraLightItalic.ttf */; };
		3A49655B2BA0769B0031777B /* Poppins-SemiBold.ttf in Resources */ = {isa = PBXBuildFile; fileRef = 3A4965492BA0769B0031777B /* Poppins-SemiBold.ttf */; };
		3A49655C2BA0769B0031777B /* Poppins-Black.ttf in Resources */ = {isa = PBXBuildFile; fileRef = 3A49654A2BA0769B0031777B /* Poppins-Black.ttf */; };
		3A49655D2BA0769B0031777B /* Poppins-Bold.ttf in Resources */ = {isa = PBXBuildFile; fileRef = 3A49654B2BA0769B0031777B /* Poppins-Bold.ttf */; };
		3A49655E2BA0769B0031777B /* Poppins-ExtraLight.ttf in Resources */ = {isa = PBXBuildFile; fileRef = 3A49654C2BA0769B0031777B /* Poppins-ExtraLight.ttf */; };
		3A49655F2BA0769B0031777B /* Poppins-ThinItalic.ttf in Resources */ = {isa = PBXBuildFile; fileRef = 3A49654D2BA0769B0031777B /* Poppins-ThinItalic.ttf */; };
		3A4965602BA0769B0031777B /* Poppins-LightItalic.ttf in Resources */ = {isa = PBXBuildFile; fileRef = 3A49654E2BA0769B0031777B /* Poppins-LightItalic.ttf */; };
		3A4965612BA0769B0031777B /* Poppins-ExtraBold.ttf in Resources */ = {isa = PBXBuildFile; fileRef = 3A49654F2BA0769B0031777B /* Poppins-ExtraBold.ttf */; };
		3A4965622BA0769B0031777B /* Poppins-Italic.ttf in Resources */ = {isa = PBXBuildFile; fileRef = 3A4965502BA0769B0031777B /* Poppins-Italic.ttf */; };
		3A4965632BA0769B0031777B /* Poppins-Regular.ttf in Resources */ = {isa = PBXBuildFile; fileRef = 3A4965512BA0769B0031777B /* Poppins-Regular.ttf */; };
		3A4965672BA07AA10031777B /* SigningContentView.swift in Sources */ = {isa = PBXBuildFile; fileRef = 3A4965662BA07AA10031777B /* SigningContentView.swift */; };
		3A4965692BA07ABD0031777B /* SigningViewModel.swift in Sources */ = {isa = PBXBuildFile; fileRef = 3A4965682BA07ABD0031777B /* SigningViewModel.swift */; };
		3A49656B2BA07B780031777B /* UITextField.swift in Sources */ = {isa = PBXBuildFile; fileRef = 3A49656A2BA07B780031777B /* UITextField.swift */; };
		3A49656D2BA089DA0031777B /* UiButton.swift in Sources */ = {isa = PBXBuildFile; fileRef = 3A49656C2BA089DA0031777B /* UiButton.swift */; };
		3A5AC1EA2BA9E4EC000BA192 /* RecipeDetailContentView.swift in Sources */ = {isa = PBXBuildFile; fileRef = 3A5AC1E92BA9E4EC000BA192 /* RecipeDetailContentView.swift */; };
		3A5AC1EC2BA9E506000BA192 /* RecipeDetailViewController.swift in Sources */ = {isa = PBXBuildFile; fileRef = 3A5AC1EB2BA9E506000BA192 /* RecipeDetailViewController.swift */; };
		3A5AC1EE2BA9E52D000BA192 /* RecipeDetailViewModel.swift in Sources */ = {isa = PBXBuildFile; fileRef = 3A5AC1ED2BA9E52D000BA192 /* RecipeDetailViewModel.swift */; };
		3A70184A2BA21699001E64E2 /* HomeViewModel.swift in Sources */ = {isa = PBXBuildFile; fileRef = 3A7018492BA21699001E64E2 /* HomeViewModel.swift */; };
		3A70184C2BA216A5001E64E2 /* HomeContentView.swift in Sources */ = {isa = PBXBuildFile; fileRef = 3A70184B2BA216A5001E64E2 /* HomeContentView.swift */; };
		3A70184E2BA216B4001E64E2 /* HomeViewController.swift in Sources */ = {isa = PBXBuildFile; fileRef = 3A70184D2BA216B4001E64E2 /* HomeViewController.swift */; };
		3A7018502BA21752001E64E2 /* RecipeCollectionCell.swift in Sources */ = {isa = PBXBuildFile; fileRef = 3A70184F2BA21752001E64E2 /* RecipeCollectionCell.swift */; };
		3A7018532BA217CE001E64E2 /* RecipeViewModel.swift in Sources */ = {isa = PBXBuildFile; fileRef = 3A7018522BA217CE001E64E2 /* RecipeViewModel.swift */; };
		3A7018562BA21A5B001E64E2 /* Recipe.swift in Sources */ = {isa = PBXBuildFile; fileRef = 3A7018552BA21A5B001E64E2 /* Recipe.swift */; };
		3A799C562BAC8E2E00F65783 /* SnapKit in Frameworks */ = {isa = PBXBuildFile; productRef = 3A799C552BAC8E2E00F65783 /* SnapKit */; };
		3A799C582BAC8E2E00F65783 /* SnapKit-Dynamic in Frameworks */ = {isa = PBXBuildFile; productRef = 3A799C572BAC8E2E00F65783 /* SnapKit-Dynamic */; };
		3A799C5B2BAC8E4100F65783 /* SwiftyMenu in Frameworks */ = {isa = PBXBuildFile; productRef = 3A799C5A2BAC8E4100F65783 /* SwiftyMenu */; };
		3AC572A42BA0C7390021693C /* TextFieldRightViewButton.swift in Sources */ = {isa = PBXBuildFile; fileRef = 3AC572A32BA0C7390021693C /* TextFieldRightViewButton.swift */; };
		3AC572A72BA0CE700021693C /* RegistrationViewController.swift in Sources */ = {isa = PBXBuildFile; fileRef = 3AC572A62BA0CE700021693C /* RegistrationViewController.swift */; };
		3AC572A92BA0CE8D0021693C /* RegistrationContentView.swift in Sources */ = {isa = PBXBuildFile; fileRef = 3AC572A82BA0CE8D0021693C /* RegistrationContentView.swift */; };
		3AC572AB2BA0CE990021693C /* RegistretionViewModel.swift in Sources */ = {isa = PBXBuildFile; fileRef = 3AC572AA2BA0CE990021693C /* RegistretionViewModel.swift */; };
		3AE076872B9F761400A01C7D /* AppDelegate.swift in Sources */ = {isa = PBXBuildFile; fileRef = 3AE076862B9F761400A01C7D /* AppDelegate.swift */; };
		3AE076892B9F761400A01C7D /* SceneDelegate.swift in Sources */ = {isa = PBXBuildFile; fileRef = 3AE076882B9F761400A01C7D /* SceneDelegate.swift */; };
		3AE0768B2B9F761400A01C7D /* SigningViewController.swift in Sources */ = {isa = PBXBuildFile; fileRef = 3AE0768A2B9F761400A01C7D /* SigningViewController.swift */; };
		3AE076912B9F761400A01C7D /* CooksCorner.xcdatamodeld in Sources */ = {isa = PBXBuildFile; fileRef = 3AE0768F2B9F761400A01C7D /* CooksCorner.xcdatamodeld */; };
		3AE076932B9F761500A01C7D /* Assets.xcassets in Resources */ = {isa = PBXBuildFile; fileRef = 3AE076922B9F761500A01C7D /* Assets.xcassets */; };
		3AE076962B9F761500A01C7D /* LaunchScreen.storyboard in Resources */ = {isa = PBXBuildFile; fileRef = 3AE076942B9F761500A01C7D /* LaunchScreen.storyboard */; };
/* End PBXBuildFile section */

/* Begin PBXFileReference section */
		3A0B7C1B2BAB31A1005E0B53 /* CreateRecipeContentView.swift */ = {isa = PBXFileReference; lastKnownFileType = sourcecode.swift; path = CreateRecipeContentView.swift; sourceTree = "<group>"; };
		3A0B7C1D2BAB31B9005E0B53 /* CreateRecipeViewController.swift */ = {isa = PBXFileReference; lastKnownFileType = sourcecode.swift; path = CreateRecipeViewController.swift; sourceTree = "<group>"; };
		3A0B7C1F2BAB31C4005E0B53 /* CreateRecipeViewModel.swift */ = {isa = PBXFileReference; lastKnownFileType = sourcecode.swift; path = CreateRecipeViewModel.swift; sourceTree = "<group>"; };
		3A49653C2BA073A40031777B /* Color.swift */ = {isa = PBXFileReference; lastKnownFileType = sourcecode.swift; path = Color.swift; sourceTree = "<group>"; };
		3A4965402BA0769A0031777B /* Poppins-Light.ttf */ = {isa = PBXFileReference; lastKnownFileType = file; path = "Poppins-Light.ttf"; sourceTree = "<group>"; };
		3A4965412BA0769A0031777B /* Poppins-ExtraBoldItalic.ttf */ = {isa = PBXFileReference; lastKnownFileType = file; path = "Poppins-ExtraBoldItalic.ttf"; sourceTree = "<group>"; };
		3A4965422BA0769A0031777B /* Poppins-Medium.ttf */ = {isa = PBXFileReference; lastKnownFileType = file; path = "Poppins-Medium.ttf"; sourceTree = "<group>"; };
		3A4965432BA0769A0031777B /* Poppins-MediumItalic.ttf */ = {isa = PBXFileReference; lastKnownFileType = file; path = "Poppins-MediumItalic.ttf"; sourceTree = "<group>"; };
		3A4965442BA0769A0031777B /* Poppins-BlackItalic.ttf */ = {isa = PBXFileReference; lastKnownFileType = file; path = "Poppins-BlackItalic.ttf"; sourceTree = "<group>"; };
		3A4965452BA0769B0031777B /* Poppins-SemiBoldItalic.ttf */ = {isa = PBXFileReference; lastKnownFileType = file; path = "Poppins-SemiBoldItalic.ttf"; sourceTree = "<group>"; };
		3A4965462BA0769B0031777B /* Poppins-Thin.ttf */ = {isa = PBXFileReference; lastKnownFileType = file; path = "Poppins-Thin.ttf"; sourceTree = "<group>"; };
		3A4965472BA0769B0031777B /* Poppins-BoldItalic.ttf */ = {isa = PBXFileReference; lastKnownFileType = file; path = "Poppins-BoldItalic.ttf"; sourceTree = "<group>"; };
		3A4965482BA0769B0031777B /* Poppins-ExtraLightItalic.ttf */ = {isa = PBXFileReference; lastKnownFileType = file; path = "Poppins-ExtraLightItalic.ttf"; sourceTree = "<group>"; };
		3A4965492BA0769B0031777B /* Poppins-SemiBold.ttf */ = {isa = PBXFileReference; lastKnownFileType = file; path = "Poppins-SemiBold.ttf"; sourceTree = "<group>"; };
		3A49654A2BA0769B0031777B /* Poppins-Black.ttf */ = {isa = PBXFileReference; lastKnownFileType = file; path = "Poppins-Black.ttf"; sourceTree = "<group>"; };
		3A49654B2BA0769B0031777B /* Poppins-Bold.ttf */ = {isa = PBXFileReference; lastKnownFileType = file; path = "Poppins-Bold.ttf"; sourceTree = "<group>"; };
		3A49654C2BA0769B0031777B /* Poppins-ExtraLight.ttf */ = {isa = PBXFileReference; lastKnownFileType = file; path = "Poppins-ExtraLight.ttf"; sourceTree = "<group>"; };
		3A49654D2BA0769B0031777B /* Poppins-ThinItalic.ttf */ = {isa = PBXFileReference; lastKnownFileType = file; path = "Poppins-ThinItalic.ttf"; sourceTree = "<group>"; };
		3A49654E2BA0769B0031777B /* Poppins-LightItalic.ttf */ = {isa = PBXFileReference; lastKnownFileType = file; path = "Poppins-LightItalic.ttf"; sourceTree = "<group>"; };
		3A49654F2BA0769B0031777B /* Poppins-ExtraBold.ttf */ = {isa = PBXFileReference; lastKnownFileType = file; path = "Poppins-ExtraBold.ttf"; sourceTree = "<group>"; };
		3A4965502BA0769B0031777B /* Poppins-Italic.ttf */ = {isa = PBXFileReference; lastKnownFileType = file; path = "Poppins-Italic.ttf"; sourceTree = "<group>"; };
		3A4965512BA0769B0031777B /* Poppins-Regular.ttf */ = {isa = PBXFileReference; lastKnownFileType = file; path = "Poppins-Regular.ttf"; sourceTree = "<group>"; };
		3A4965662BA07AA10031777B /* SigningContentView.swift */ = {isa = PBXFileReference; lastKnownFileType = sourcecode.swift; path = SigningContentView.swift; sourceTree = "<group>"; };
		3A4965682BA07ABD0031777B /* SigningViewModel.swift */ = {isa = PBXFileReference; lastKnownFileType = sourcecode.swift; path = SigningViewModel.swift; sourceTree = "<group>"; };
		3A49656A2BA07B780031777B /* UITextField.swift */ = {isa = PBXFileReference; lastKnownFileType = sourcecode.swift; path = UITextField.swift; sourceTree = "<group>"; };
		3A49656C2BA089DA0031777B /* UiButton.swift */ = {isa = PBXFileReference; lastKnownFileType = sourcecode.swift; path = UiButton.swift; sourceTree = "<group>"; };
		3A5AC1E92BA9E4EC000BA192 /* RecipeDetailContentView.swift */ = {isa = PBXFileReference; lastKnownFileType = sourcecode.swift; path = RecipeDetailContentView.swift; sourceTree = "<group>"; };
		3A5AC1EB2BA9E506000BA192 /* RecipeDetailViewController.swift */ = {isa = PBXFileReference; lastKnownFileType = sourcecode.swift; path = RecipeDetailViewController.swift; sourceTree = "<group>"; };
		3A5AC1ED2BA9E52D000BA192 /* RecipeDetailViewModel.swift */ = {isa = PBXFileReference; lastKnownFileType = sourcecode.swift; path = RecipeDetailViewModel.swift; sourceTree = "<group>"; };
		3A7018492BA21699001E64E2 /* HomeViewModel.swift */ = {isa = PBXFileReference; lastKnownFileType = sourcecode.swift; path = HomeViewModel.swift; sourceTree = "<group>"; };
		3A70184B2BA216A5001E64E2 /* HomeContentView.swift */ = {isa = PBXFileReference; lastKnownFileType = sourcecode.swift; path = HomeContentView.swift; sourceTree = "<group>"; };
		3A70184D2BA216B4001E64E2 /* HomeViewController.swift */ = {isa = PBXFileReference; lastKnownFileType = sourcecode.swift; path = HomeViewController.swift; sourceTree = "<group>"; };
		3A70184F2BA21752001E64E2 /* RecipeCollectionCell.swift */ = {isa = PBXFileReference; lastKnownFileType = sourcecode.swift; path = RecipeCollectionCell.swift; sourceTree = "<group>"; };
		3A7018522BA217CE001E64E2 /* RecipeViewModel.swift */ = {isa = PBXFileReference; lastKnownFileType = sourcecode.swift; path = RecipeViewModel.swift; sourceTree = "<group>"; };
		3A7018552BA21A5B001E64E2 /* Recipe.swift */ = {isa = PBXFileReference; lastKnownFileType = sourcecode.swift; path = Recipe.swift; sourceTree = "<group>"; };
		3AC572A32BA0C7390021693C /* TextFieldRightViewButton.swift */ = {isa = PBXFileReference; lastKnownFileType = sourcecode.swift; path = TextFieldRightViewButton.swift; sourceTree = "<group>"; };
		3AC572A62BA0CE700021693C /* RegistrationViewController.swift */ = {isa = PBXFileReference; lastKnownFileType = sourcecode.swift; path = RegistrationViewController.swift; sourceTree = "<group>"; };
		3AC572A82BA0CE8D0021693C /* RegistrationContentView.swift */ = {isa = PBXFileReference; lastKnownFileType = sourcecode.swift; path = RegistrationContentView.swift; sourceTree = "<group>"; };
		3AC572AA2BA0CE990021693C /* RegistretionViewModel.swift */ = {isa = PBXFileReference; lastKnownFileType = sourcecode.swift; path = RegistretionViewModel.swift; sourceTree = "<group>"; };
		3AE076832B9F761400A01C7D /* CooksCorner.app */ = {isa = PBXFileReference; explicitFileType = wrapper.application; includeInIndex = 0; path = CooksCorner.app; sourceTree = BUILT_PRODUCTS_DIR; };
		3AE076862B9F761400A01C7D /* AppDelegate.swift */ = {isa = PBXFileReference; lastKnownFileType = sourcecode.swift; path = AppDelegate.swift; sourceTree = "<group>"; };
		3AE076882B9F761400A01C7D /* SceneDelegate.swift */ = {isa = PBXFileReference; lastKnownFileType = sourcecode.swift; path = SceneDelegate.swift; sourceTree = "<group>"; };
		3AE0768A2B9F761400A01C7D /* SigningViewController.swift */ = {isa = PBXFileReference; lastKnownFileType = sourcecode.swift; path = SigningViewController.swift; sourceTree = "<group>"; };
		3AE076902B9F761400A01C7D /* CooksCorner.xcdatamodel */ = {isa = PBXFileReference; lastKnownFileType = wrapper.xcdatamodel; path = CooksCorner.xcdatamodel; sourceTree = "<group>"; };
		3AE076922B9F761500A01C7D /* Assets.xcassets */ = {isa = PBXFileReference; lastKnownFileType = folder.assetcatalog; path = Assets.xcassets; sourceTree = "<group>"; };
		3AE076952B9F761500A01C7D /* Base */ = {isa = PBXFileReference; lastKnownFileType = file.storyboard; name = Base; path = Base.lproj/LaunchScreen.storyboard; sourceTree = "<group>"; };
		3AE076972B9F761500A01C7D /* Info.plist */ = {isa = PBXFileReference; lastKnownFileType = text.plist.xml; path = Info.plist; sourceTree = "<group>"; };
/* End PBXFileReference section */

/* Begin PBXFrameworksBuildPhase section */
		3AE076802B9F761400A01C7D /* Frameworks */ = {
			isa = PBXFrameworksBuildPhase;
			buildActionMask = 2147483647;
			files = (
				3A799C562BAC8E2E00F65783 /* SnapKit in Frameworks */,
				3A799C5B2BAC8E4100F65783 /* SwiftyMenu in Frameworks */,
				3A799C582BAC8E2E00F65783 /* SnapKit-Dynamic in Frameworks */,
			);
			runOnlyForDeploymentPostprocessing = 0;
		};
/* End PBXFrameworksBuildPhase section */

/* Begin PBXGroup section */
		3A0B7C1A2BAB3182005E0B53 /* CreateRecipe */ = {
			isa = PBXGroup;
			children = (
				3A0B7C1B2BAB31A1005E0B53 /* CreateRecipeContentView.swift */,
				3A0B7C1D2BAB31B9005E0B53 /* CreateRecipeViewController.swift */,
				3A0B7C1F2BAB31C4005E0B53 /* CreateRecipeViewModel.swift */,
			);
			path = CreateRecipe;
			sourceTree = "<group>";
		};
		3A49653E2BA073A90031777B /* Extension */ = {
			isa = PBXGroup;
			children = (
				3A49653C2BA073A40031777B /* Color.swift */,
				3A49656A2BA07B780031777B /* UITextField.swift */,
				3A49656C2BA089DA0031777B /* UiButton.swift */,
			);
			path = Extension;
			sourceTree = "<group>";
		};
		3A49653F2BA076640031777B /* ExtraContent */ = {
			isa = PBXGroup;
			children = (
				3AC572A22BA0C6FF0021693C /* SharedView */,
				3AC572A12BA0C6BD0021693C /* Font */,
			);
			path = ExtraContent;
			sourceTree = "<group>";
		};
		3A4965642BA07A0B0031777B /* App */ = {
			isa = PBXGroup;
			children = (
				3AE076862B9F761400A01C7D /* AppDelegate.swift */,
				3AE076882B9F761400A01C7D /* SceneDelegate.swift */,
				3AE076972B9F761500A01C7D /* Info.plist */,
			);
			path = App;
			sourceTree = "<group>";
		};
		3A4965652BA07A4C0031777B /* Signing */ = {
			isa = PBXGroup;
			children = (
				3AE0768A2B9F761400A01C7D /* SigningViewController.swift */,
				3A4965662BA07AA10031777B /* SigningContentView.swift */,
				3A4965682BA07ABD0031777B /* SigningViewModel.swift */,
			);
			path = Signing;
			sourceTree = "<group>";
		};
		3A5AC1E82BA9E49F000BA192 /* RecipeDetail */ = {
			isa = PBXGroup;
			children = (
				3A5AC1E92BA9E4EC000BA192 /* RecipeDetailContentView.swift */,
				3A5AC1EB2BA9E506000BA192 /* RecipeDetailViewController.swift */,
				3A5AC1ED2BA9E52D000BA192 /* RecipeDetailViewModel.swift */,
			);
			path = RecipeDetail;
			sourceTree = "<group>";
		};
		3A7018482BA21655001E64E2 /* Home */ = {
			isa = PBXGroup;
			children = (
				3A7018512BA217B4001E64E2 /* CollectionCell */,
				3A7018492BA21699001E64E2 /* HomeViewModel.swift */,
				3A70184B2BA216A5001E64E2 /* HomeContentView.swift */,
				3A70184D2BA216B4001E64E2 /* HomeViewController.swift */,
			);
			path = Home;
			sourceTree = "<group>";
		};
		3A7018512BA217B4001E64E2 /* CollectionCell */ = {
			isa = PBXGroup;
			children = (
				3A70184F2BA21752001E64E2 /* RecipeCollectionCell.swift */,
				3A7018522BA217CE001E64E2 /* RecipeViewModel.swift */,
			);
			path = CollectionCell;
			sourceTree = "<group>";
		};
		3A7018542BA21A3A001E64E2 /* Model */ = {
			isa = PBXGroup;
			children = (
				3A7018552BA21A5B001E64E2 /* Recipe.swift */,
			);
			path = Model;
			sourceTree = "<group>";
		};
		3AC572A12BA0C6BD0021693C /* Font */ = {
			isa = PBXGroup;
			children = (
				3A49654A2BA0769B0031777B /* Poppins-Black.ttf */,
				3A4965442BA0769A0031777B /* Poppins-BlackItalic.ttf */,
				3A49654B2BA0769B0031777B /* Poppins-Bold.ttf */,
				3A4965472BA0769B0031777B /* Poppins-BoldItalic.ttf */,
				3A49654F2BA0769B0031777B /* Poppins-ExtraBold.ttf */,
				3A4965412BA0769A0031777B /* Poppins-ExtraBoldItalic.ttf */,
				3A49654C2BA0769B0031777B /* Poppins-ExtraLight.ttf */,
				3A4965482BA0769B0031777B /* Poppins-ExtraLightItalic.ttf */,
				3A4965502BA0769B0031777B /* Poppins-Italic.ttf */,
				3A4965402BA0769A0031777B /* Poppins-Light.ttf */,
				3A49654E2BA0769B0031777B /* Poppins-LightItalic.ttf */,
				3A4965422BA0769A0031777B /* Poppins-Medium.ttf */,
				3A4965432BA0769A0031777B /* Poppins-MediumItalic.ttf */,
				3A4965512BA0769B0031777B /* Poppins-Regular.ttf */,
				3A4965492BA0769B0031777B /* Poppins-SemiBold.ttf */,
				3A4965452BA0769B0031777B /* Poppins-SemiBoldItalic.ttf */,
				3A4965462BA0769B0031777B /* Poppins-Thin.ttf */,
				3A49654D2BA0769B0031777B /* Poppins-ThinItalic.ttf */,
			);
			path = Font;
			sourceTree = "<group>";
		};
		3AC572A22BA0C6FF0021693C /* SharedView */ = {
			isa = PBXGroup;
			children = (
				3AC572A32BA0C7390021693C /* TextFieldRightViewButton.swift */,
			);
			path = SharedView;
			sourceTree = "<group>";
		};
		3AC572A52BA0CE1C0021693C /* Registration */ = {
			isa = PBXGroup;
			children = (
				3AC572A62BA0CE700021693C /* RegistrationViewController.swift */,
				3AC572A82BA0CE8D0021693C /* RegistrationContentView.swift */,
				3AC572AA2BA0CE990021693C /* RegistretionViewModel.swift */,
			);
			path = Registration;
			sourceTree = "<group>";
		};
		3AE0767A2B9F761400A01C7D = {
			isa = PBXGroup;
			children = (
				3AE076852B9F761400A01C7D /* CooksCorner */,
				3A49653F2BA076640031777B /* ExtraContent */,
				3A49653E2BA073A90031777B /* Extension */,
				3A7018542BA21A3A001E64E2 /* Model */,
				3AE076842B9F761400A01C7D /* Products */,
			);
			sourceTree = "<group>";
		};
		3AE076842B9F761400A01C7D /* Products */ = {
			isa = PBXGroup;
			children = (
				3AE076832B9F761400A01C7D /* CooksCorner.app */,
			);
			name = Products;
			sourceTree = "<group>";
		};
		3AE076852B9F761400A01C7D /* CooksCorner */ = {
			isa = PBXGroup;
			children = (
				3A0B7C1A2BAB3182005E0B53 /* CreateRecipe */,
				3A5AC1E82BA9E49F000BA192 /* RecipeDetail */,
				3A4965652BA07A4C0031777B /* Signing */,
				3AC572A52BA0CE1C0021693C /* Registration */,
				3A7018482BA21655001E64E2 /* Home */,
				3A4965642BA07A0B0031777B /* App */,
				3AE076922B9F761500A01C7D /* Assets.xcassets */,
				3AE076942B9F761500A01C7D /* LaunchScreen.storyboard */,
				3AE0768F2B9F761400A01C7D /* CooksCorner.xcdatamodeld */,
			);
			path = CooksCorner;
			sourceTree = "<group>";
		};
/* End PBXGroup section */

/* Begin PBXNativeTarget section */
		3AE076822B9F761400A01C7D /* CooksCorner */ = {
			isa = PBXNativeTarget;
			buildConfigurationList = 3AE0769A2B9F761500A01C7D /* Build configuration list for PBXNativeTarget "CooksCorner" */;
			buildPhases = (
				3AE0767F2B9F761400A01C7D /* Sources */,
				3AE076802B9F761400A01C7D /* Frameworks */,
				3AE076812B9F761400A01C7D /* Resources */,
			);
			buildRules = (
			);
			dependencies = (
			);
			name = CooksCorner;
			packageProductDependencies = (
				3A799C552BAC8E2E00F65783 /* SnapKit */,
				3A799C572BAC8E2E00F65783 /* SnapKit-Dynamic */,
				3A799C5A2BAC8E4100F65783 /* SwiftyMenu */,
			);
			productName = CooksCorner;
			productReference = 3AE076832B9F761400A01C7D /* CooksCorner.app */;
			productType = "com.apple.product-type.application";
		};
/* End PBXNativeTarget section */

/* Begin PBXProject section */
		3AE0767B2B9F761400A01C7D /* Project object */ = {
			isa = PBXProject;
			attributes = {
				BuildIndependentTargetsInParallel = 1;
				LastSwiftUpdateCheck = 1510;
				LastUpgradeCheck = 1510;
				TargetAttributes = {
					3AE076822B9F761400A01C7D = {
						CreatedOnToolsVersion = 15.1;
					};
				};
			};
			buildConfigurationList = 3AE0767E2B9F761400A01C7D /* Build configuration list for PBXProject "CooksCorner" */;
			compatibilityVersion = "Xcode 14.0";
			developmentRegion = en;
			hasScannedForEncodings = 0;
			knownRegions = (
				en,
				Base,
			);
			mainGroup = 3AE0767A2B9F761400A01C7D;
			packageReferences = (
				3A799C542BAC8E2E00F65783 /* XCRemoteSwiftPackageReference "SnapKit" */,
				3A799C592BAC8E4100F65783 /* XCRemoteSwiftPackageReference "SwiftyMenu" */,
			);
			productRefGroup = 3AE076842B9F761400A01C7D /* Products */;
			projectDirPath = "";
			projectRoot = "";
			targets = (
				3AE076822B9F761400A01C7D /* CooksCorner */,
			);
		};
/* End PBXProject section */

/* Begin PBXResourcesBuildPhase section */
		3AE076812B9F761400A01C7D /* Resources */ = {
			isa = PBXResourcesBuildPhase;
			buildActionMask = 2147483647;
			files = (
				3A4965602BA0769B0031777B /* Poppins-LightItalic.ttf in Resources */,
				3A49655E2BA0769B0031777B /* Poppins-ExtraLight.ttf in Resources */,
				3A49655F2BA0769B0031777B /* Poppins-ThinItalic.ttf in Resources */,
				3A4965532BA0769B0031777B /* Poppins-ExtraBoldItalic.ttf in Resources */,
				3A4965622BA0769B0031777B /* Poppins-Italic.ttf in Resources */,
				3A4965572BA0769B0031777B /* Poppins-SemiBoldItalic.ttf in Resources */,
				3A4965562BA0769B0031777B /* Poppins-BlackItalic.ttf in Resources */,
				3A49655C2BA0769B0031777B /* Poppins-Black.ttf in Resources */,
				3A4965582BA0769B0031777B /* Poppins-Thin.ttf in Resources */,
				3A4965552BA0769B0031777B /* Poppins-MediumItalic.ttf in Resources */,
				3AE076962B9F761500A01C7D /* LaunchScreen.storyboard in Resources */,
				3A4965612BA0769B0031777B /* Poppins-ExtraBold.ttf in Resources */,
				3A49655A2BA0769B0031777B /* Poppins-ExtraLightItalic.ttf in Resources */,
				3A4965522BA0769B0031777B /* Poppins-Light.ttf in Resources */,
				3A49655D2BA0769B0031777B /* Poppins-Bold.ttf in Resources */,
				3AE076932B9F761500A01C7D /* Assets.xcassets in Resources */,
				3A49655B2BA0769B0031777B /* Poppins-SemiBold.ttf in Resources */,
				3A4965542BA0769B0031777B /* Poppins-Medium.ttf in Resources */,
				3A4965592BA0769B0031777B /* Poppins-BoldItalic.ttf in Resources */,
				3A4965632BA0769B0031777B /* Poppins-Regular.ttf in Resources */,
			);
			runOnlyForDeploymentPostprocessing = 0;
		};
/* End PBXResourcesBuildPhase section */

/* Begin PBXSourcesBuildPhase section */
		3AE0767F2B9F761400A01C7D /* Sources */ = {
			isa = PBXSourcesBuildPhase;
			buildActionMask = 2147483647;
			files = (
				3AE076912B9F761400A01C7D /* CooksCorner.xcdatamodeld in Sources */,
				3AC572AB2BA0CE990021693C /* RegistretionViewModel.swift in Sources */,
				3A7018502BA21752001E64E2 /* RecipeCollectionCell.swift in Sources */,
				3AE0768B2B9F761400A01C7D /* SigningViewController.swift in Sources */,
				3A70184C2BA216A5001E64E2 /* HomeContentView.swift in Sources */,
				3A5AC1EA2BA9E4EC000BA192 /* RecipeDetailContentView.swift in Sources */,
				3AE076872B9F761400A01C7D /* AppDelegate.swift in Sources */,
				3A0B7C202BAB31C4005E0B53 /* CreateRecipeViewModel.swift in Sources */,
				3AC572A72BA0CE700021693C /* RegistrationViewController.swift in Sources */,
				3A49656B2BA07B780031777B /* UITextField.swift in Sources */,
				3A49653D2BA073A40031777B /* Color.swift in Sources */,
				3AC572A42BA0C7390021693C /* TextFieldRightViewButton.swift in Sources */,
				3A7018532BA217CE001E64E2 /* RecipeViewModel.swift in Sources */,
				3A4965692BA07ABD0031777B /* SigningViewModel.swift in Sources */,
				3A5AC1EE2BA9E52D000BA192 /* RecipeDetailViewModel.swift in Sources */,
				3A70184A2BA21699001E64E2 /* HomeViewModel.swift in Sources */,
				3A70184E2BA216B4001E64E2 /* HomeViewController.swift in Sources */,
				3A4965672BA07AA10031777B /* SigningContentView.swift in Sources */,
				3A5AC1EC2BA9E506000BA192 /* RecipeDetailViewController.swift in Sources */,
				3AC572A92BA0CE8D0021693C /* RegistrationContentView.swift in Sources */,
				3A0B7C1C2BAB31A1005E0B53 /* CreateRecipeContentView.swift in Sources */,
				3A0B7C1E2BAB31B9005E0B53 /* CreateRecipeViewController.swift in Sources */,
				3A7018562BA21A5B001E64E2 /* Recipe.swift in Sources */,
				3AE076892B9F761400A01C7D /* SceneDelegate.swift in Sources */,
				3A49656D2BA089DA0031777B /* UiButton.swift in Sources */,
			);
			runOnlyForDeploymentPostprocessing = 0;
		};
/* End PBXSourcesBuildPhase section */

/* Begin PBXVariantGroup section */
		3AE076942B9F761500A01C7D /* LaunchScreen.storyboard */ = {
			isa = PBXVariantGroup;
			children = (
				3AE076952B9F761500A01C7D /* Base */,
			);
			name = LaunchScreen.storyboard;
			sourceTree = "<group>";
		};
/* End PBXVariantGroup section */

/* Begin XCBuildConfiguration section */
		3AE076982B9F761500A01C7D /* Debug */ = {
			isa = XCBuildConfiguration;
			buildSettings = {
				ALWAYS_SEARCH_USER_PATHS = NO;
				ASSETCATALOG_COMPILER_GENERATE_SWIFT_ASSET_SYMBOL_EXTENSIONS = YES;
				CLANG_ANALYZER_NONNULL = YES;
				CLANG_ANALYZER_NUMBER_OBJECT_CONVERSION = YES_AGGRESSIVE;
				CLANG_CXX_LANGUAGE_STANDARD = "gnu++20";
				CLANG_ENABLE_MODULES = YES;
				CLANG_ENABLE_OBJC_ARC = YES;
				CLANG_ENABLE_OBJC_WEAK = YES;
				CLANG_WARN_BLOCK_CAPTURE_AUTORELEASING = YES;
				CLANG_WARN_BOOL_CONVERSION = YES;
				CLANG_WARN_COMMA = YES;
				CLANG_WARN_CONSTANT_CONVERSION = YES;
				CLANG_WARN_DEPRECATED_OBJC_IMPLEMENTATIONS = YES;
				CLANG_WARN_DIRECT_OBJC_ISA_USAGE = YES_ERROR;
				CLANG_WARN_DOCUMENTATION_COMMENTS = YES;
				CLANG_WARN_EMPTY_BODY = YES;
				CLANG_WARN_ENUM_CONVERSION = YES;
				CLANG_WARN_INFINITE_RECURSION = YES;
				CLANG_WARN_INT_CONVERSION = YES;
				CLANG_WARN_NON_LITERAL_NULL_CONVERSION = YES;
				CLANG_WARN_OBJC_IMPLICIT_RETAIN_SELF = YES;
				CLANG_WARN_OBJC_LITERAL_CONVERSION = YES;
				CLANG_WARN_OBJC_ROOT_CLASS = YES_ERROR;
				CLANG_WARN_QUOTED_INCLUDE_IN_FRAMEWORK_HEADER = YES;
				CLANG_WARN_RANGE_LOOP_ANALYSIS = YES;
				CLANG_WARN_STRICT_PROTOTYPES = YES;
				CLANG_WARN_SUSPICIOUS_MOVE = YES;
				CLANG_WARN_UNGUARDED_AVAILABILITY = YES_AGGRESSIVE;
				CLANG_WARN_UNREACHABLE_CODE = YES;
				CLANG_WARN__DUPLICATE_METHOD_MATCH = YES;
				COPY_PHASE_STRIP = NO;
				DEBUG_INFORMATION_FORMAT = dwarf;
				ENABLE_STRICT_OBJC_MSGSEND = YES;
				ENABLE_TESTABILITY = YES;
				ENABLE_USER_SCRIPT_SANDBOXING = YES;
				GCC_C_LANGUAGE_STANDARD = gnu17;
				GCC_DYNAMIC_NO_PIC = NO;
				GCC_NO_COMMON_BLOCKS = YES;
				GCC_OPTIMIZATION_LEVEL = 0;
				GCC_PREPROCESSOR_DEFINITIONS = (
					"DEBUG=1",
					"$(inherited)",
				);
				GCC_WARN_64_TO_32_BIT_CONVERSION = YES;
				GCC_WARN_ABOUT_RETURN_TYPE = YES_ERROR;
				GCC_WARN_UNDECLARED_SELECTOR = YES;
				GCC_WARN_UNINITIALIZED_AUTOS = YES_AGGRESSIVE;
				GCC_WARN_UNUSED_FUNCTION = YES;
				GCC_WARN_UNUSED_VARIABLE = YES;
				IPHONEOS_DEPLOYMENT_TARGET = 17.2;
				LOCALIZATION_PREFERS_STRING_CATALOGS = YES;
				MTL_ENABLE_DEBUG_INFO = INCLUDE_SOURCE;
				MTL_FAST_MATH = YES;
				ONLY_ACTIVE_ARCH = YES;
				SDKROOT = iphoneos;
				SWIFT_ACTIVE_COMPILATION_CONDITIONS = "DEBUG $(inherited)";
				SWIFT_OPTIMIZATION_LEVEL = "-Onone";
			};
			name = Debug;
		};
		3AE076992B9F761500A01C7D /* Release */ = {
			isa = XCBuildConfiguration;
			buildSettings = {
				ALWAYS_SEARCH_USER_PATHS = NO;
				ASSETCATALOG_COMPILER_GENERATE_SWIFT_ASSET_SYMBOL_EXTENSIONS = YES;
				CLANG_ANALYZER_NONNULL = YES;
				CLANG_ANALYZER_NUMBER_OBJECT_CONVERSION = YES_AGGRESSIVE;
				CLANG_CXX_LANGUAGE_STANDARD = "gnu++20";
				CLANG_ENABLE_MODULES = YES;
				CLANG_ENABLE_OBJC_ARC = YES;
				CLANG_ENABLE_OBJC_WEAK = YES;
				CLANG_WARN_BLOCK_CAPTURE_AUTORELEASING = YES;
				CLANG_WARN_BOOL_CONVERSION = YES;
				CLANG_WARN_COMMA = YES;
				CLANG_WARN_CONSTANT_CONVERSION = YES;
				CLANG_WARN_DEPRECATED_OBJC_IMPLEMENTATIONS = YES;
				CLANG_WARN_DIRECT_OBJC_ISA_USAGE = YES_ERROR;
				CLANG_WARN_DOCUMENTATION_COMMENTS = YES;
				CLANG_WARN_EMPTY_BODY = YES;
				CLANG_WARN_ENUM_CONVERSION = YES;
				CLANG_WARN_INFINITE_RECURSION = YES;
				CLANG_WARN_INT_CONVERSION = YES;
				CLANG_WARN_NON_LITERAL_NULL_CONVERSION = YES;
				CLANG_WARN_OBJC_IMPLICIT_RETAIN_SELF = YES;
				CLANG_WARN_OBJC_LITERAL_CONVERSION = YES;
				CLANG_WARN_OBJC_ROOT_CLASS = YES_ERROR;
				CLANG_WARN_QUOTED_INCLUDE_IN_FRAMEWORK_HEADER = YES;
				CLANG_WARN_RANGE_LOOP_ANALYSIS = YES;
				CLANG_WARN_STRICT_PROTOTYPES = YES;
				CLANG_WARN_SUSPICIOUS_MOVE = YES;
				CLANG_WARN_UNGUARDED_AVAILABILITY = YES_AGGRESSIVE;
				CLANG_WARN_UNREACHABLE_CODE = YES;
				CLANG_WARN__DUPLICATE_METHOD_MATCH = YES;
				COPY_PHASE_STRIP = NO;
				DEBUG_INFORMATION_FORMAT = "dwarf-with-dsym";
				ENABLE_NS_ASSERTIONS = NO;
				ENABLE_STRICT_OBJC_MSGSEND = YES;
				ENABLE_USER_SCRIPT_SANDBOXING = YES;
				GCC_C_LANGUAGE_STANDARD = gnu17;
				GCC_NO_COMMON_BLOCKS = YES;
				GCC_WARN_64_TO_32_BIT_CONVERSION = YES;
				GCC_WARN_ABOUT_RETURN_TYPE = YES_ERROR;
				GCC_WARN_UNDECLARED_SELECTOR = YES;
				GCC_WARN_UNINITIALIZED_AUTOS = YES_AGGRESSIVE;
				GCC_WARN_UNUSED_FUNCTION = YES;
				GCC_WARN_UNUSED_VARIABLE = YES;
				IPHONEOS_DEPLOYMENT_TARGET = 17.2;
				LOCALIZATION_PREFERS_STRING_CATALOGS = YES;
				MTL_ENABLE_DEBUG_INFO = NO;
				MTL_FAST_MATH = YES;
				SDKROOT = iphoneos;
				SWIFT_COMPILATION_MODE = wholemodule;
				VALIDATE_PRODUCT = YES;
			};
			name = Release;
		};
		3AE0769B2B9F761500A01C7D /* Debug */ = {
			isa = XCBuildConfiguration;
			buildSettings = {
				ASSETCATALOG_COMPILER_APPICON_NAME = AppIcon;
				ASSETCATALOG_COMPILER_GLOBAL_ACCENT_COLOR_NAME = AccentColor;
				CODE_SIGN_STYLE = Automatic;
				CURRENT_PROJECT_VERSION = 1;
				DEVELOPMENT_TEAM = 8HP4B7768D;
				GENERATE_INFOPLIST_FILE = YES;
				INFOPLIST_FILE = CooksCorner/App/Info.plist;
				INFOPLIST_KEY_UIApplicationSupportsIndirectInputEvents = YES;
				INFOPLIST_KEY_UILaunchStoryboardName = LaunchScreen;
				INFOPLIST_KEY_UISupportedInterfaceOrientations = UIInterfaceOrientationPortrait;
				INFOPLIST_KEY_UISupportedInterfaceOrientations_iPad = "UIInterfaceOrientationLandscapeLeft UIInterfaceOrientationLandscapeRight UIInterfaceOrientationPortrait UIInterfaceOrientationPortraitUpsideDown";
				LD_RUNPATH_SEARCH_PATHS = (
					"$(inherited)",
					"@executable_path/Frameworks",
				);
				MARKETING_VERSION = 1.0;
				PRODUCT_BUNDLE_IDENTIFIER = com.Kamalios.CounterApp.CooksCorner;
				PRODUCT_NAME = "$(TARGET_NAME)";
				SUPPORTED_PLATFORMS = "iphoneos iphonesimulator";
				SUPPORTS_MACCATALYST = NO;
				SUPPORTS_MAC_DESIGNED_FOR_IPHONE_IPAD = NO;
				SWIFT_EMIT_LOC_STRINGS = YES;
				SWIFT_VERSION = 5.0;
				TARGETED_DEVICE_FAMILY = 1;
			};
			name = Debug;
		};
		3AE0769C2B9F761500A01C7D /* Release */ = {
			isa = XCBuildConfiguration;
			buildSettings = {
				ASSETCATALOG_COMPILER_APPICON_NAME = AppIcon;
				ASSETCATALOG_COMPILER_GLOBAL_ACCENT_COLOR_NAME = AccentColor;
				CODE_SIGN_STYLE = Automatic;
				CURRENT_PROJECT_VERSION = 1;
				DEVELOPMENT_TEAM = 8HP4B7768D;
				GENERATE_INFOPLIST_FILE = YES;
				INFOPLIST_FILE = CooksCorner/App/Info.plist;
				INFOPLIST_KEY_UIApplicationSupportsIndirectInputEvents = YES;
				INFOPLIST_KEY_UILaunchStoryboardName = LaunchScreen;
				INFOPLIST_KEY_UISupportedInterfaceOrientations = UIInterfaceOrientationPortrait;
				INFOPLIST_KEY_UISupportedInterfaceOrientations_iPad = "UIInterfaceOrientationLandscapeLeft UIInterfaceOrientationLandscapeRight UIInterfaceOrientationPortrait UIInterfaceOrientationPortraitUpsideDown";
				LD_RUNPATH_SEARCH_PATHS = (
					"$(inherited)",
					"@executable_path/Frameworks",
				);
				MARKETING_VERSION = 1.0;
				PRODUCT_BUNDLE_IDENTIFIER = com.Kamalios.CounterApp.CooksCorner;
				PRODUCT_NAME = "$(TARGET_NAME)";
				SUPPORTED_PLATFORMS = "iphoneos iphonesimulator";
				SUPPORTS_MACCATALYST = NO;
				SUPPORTS_MAC_DESIGNED_FOR_IPHONE_IPAD = NO;
				SWIFT_EMIT_LOC_STRINGS = YES;
				SWIFT_VERSION = 5.0;
				TARGETED_DEVICE_FAMILY = 1;
			};
			name = Release;
		};
/* End XCBuildConfiguration section */

/* Begin XCConfigurationList section */
		3AE0767E2B9F761400A01C7D /* Build configuration list for PBXProject "CooksCorner" */ = {
			isa = XCConfigurationList;
			buildConfigurations = (
				3AE076982B9F761500A01C7D /* Debug */,
				3AE076992B9F761500A01C7D /* Release */,
			);
			defaultConfigurationIsVisible = 0;
			defaultConfigurationName = Release;
		};
		3AE0769A2B9F761500A01C7D /* Build configuration list for PBXNativeTarget "CooksCorner" */ = {
			isa = XCConfigurationList;
			buildConfigurations = (
				3AE0769B2B9F761500A01C7D /* Debug */,
				3AE0769C2B9F761500A01C7D /* Release */,
			);
			defaultConfigurationIsVisible = 0;
			defaultConfigurationName = Release;
		};
/* End XCConfigurationList section */

/* Begin XCRemoteSwiftPackageReference section */
		3A799C542BAC8E2E00F65783 /* XCRemoteSwiftPackageReference "SnapKit" */ = {
			isa = XCRemoteSwiftPackageReference;
			repositoryURL = "https://github.com/SnapKit/SnapKit.git";
			requirement = {
				kind = upToNextMajorVersion;
				minimumVersion = 5.7.1;
			};
		};
		3A799C592BAC8E4100F65783 /* XCRemoteSwiftPackageReference "SwiftyMenu" */ = {
			isa = XCRemoteSwiftPackageReference;
			repositoryURL = "https://github.com/KarimEbrahemAbdelaziz/SwiftyMenu.git";
			requirement = {
				kind = upToNextMajorVersion;
				minimumVersion = 1.0.1;
			};
		};
/* End XCRemoteSwiftPackageReference section */

/* Begin XCSwiftPackageProductDependency section */
		3A799C552BAC8E2E00F65783 /* SnapKit */ = {
			isa = XCSwiftPackageProductDependency;
			package = 3A799C542BAC8E2E00F65783 /* XCRemoteSwiftPackageReference "SnapKit" */;
			productName = SnapKit;
		};
		3A799C572BAC8E2E00F65783 /* SnapKit-Dynamic */ = {
			isa = XCSwiftPackageProductDependency;
			package = 3A799C542BAC8E2E00F65783 /* XCRemoteSwiftPackageReference "SnapKit" */;
			productName = "SnapKit-Dynamic";
		};
		3A799C5A2BAC8E4100F65783 /* SwiftyMenu */ = {
			isa = XCSwiftPackageProductDependency;
			package = 3A799C592BAC8E4100F65783 /* XCRemoteSwiftPackageReference "SwiftyMenu" */;
			productName = SwiftyMenu;
		};
/* End XCSwiftPackageProductDependency section */

/* Begin XCVersionGroup section */
		3AE0768F2B9F761400A01C7D /* CooksCorner.xcdatamodeld */ = {
			isa = XCVersionGroup;
			children = (
				3AE076902B9F761400A01C7D /* CooksCorner.xcdatamodel */,
			);
			currentVersion = 3AE076902B9F761400A01C7D /* CooksCorner.xcdatamodel */;
			path = CooksCorner.xcdatamodeld;
			sourceTree = "<group>";
			versionGroupType = wrapper.xcdatamodel;
		};
/* End XCVersionGroup section */
	};
	rootObject = 3AE0767B2B9F761400A01C7D /* Project object */;
}
